
Microsoft Visual Studio Solution File, Format Version 12.00
#
Project("{FAE04EC0-301F-11D3-BF4B-00C04F79EFBC}") = "SeeShark", "SeeShark\SeeShark.csproj", "{597FF28C-A0C2-4E82-859D-1B8AE5A68E08}"
EndProject
Project("{FAE04EC0-301F-11D3-BF4B-00C04F79EFBC}") = "SeeShark.Example.Ascii", "SeeShark.Example.Ascii\SeeShark.Example.Ascii.csproj", "{13526A3F-67DF-42D7-976F-136F0DEB4063}"
EndProject
Project("{FAE04EC0-301F-11D3-BF4B-00C04F79EFBC}") = "SeeShark.Example.Stats", "SeeShark.Example.Stats\SeeShark.Example.Stats.csproj", "{7623A3D2-A647-4108-BF94-7331D0056F43}"
EndProject
Global
	GlobalSection(SolutionConfigurationPlatforms) = preSolution
		Debug|Any CPU = Debug|Any CPU
		Release|Any CPU = Release|Any CPU
	EndGlobalSection
	GlobalSection(ProjectConfigurationPlatforms) = postSolution
		{597FF28C-A0C2-4E82-859D-1B8AE5A68E08}.Debug|Any CPU.ActiveCfg = Debug|Any CPU
		{597FF28C-A0C2-4E82-859D-1B8AE5A68E08}.Debug|Any CPU.Build.0 = Debug|Any CPU
		{597FF28C-A0C2-4E82-859D-1B8AE5A68E08}.Release|Any CPU.ActiveCfg = Release|Any CPU
		{597FF28C-A0C2-4E82-859D-1B8AE5A68E08}.Release|Any CPU.Build.0 = Release|Any CPU
		{13526A3F-67DF-42D7-976F-136F0DEB4063}.Debug|Any CPU.ActiveCfg = Debug|Any CPU
		{13526A3F-67DF-42D7-976F-136F0DEB4063}.Debug|Any CPU.Build.0 = Debug|Any CPU
		{13526A3F-67DF-42D7-976F-136F0DEB4063}.Release|Any CPU.ActiveCfg = Release|Any CPU
		{13526A3F-67DF-42D7-976F-136F0DEB4063}.Release|Any CPU.Build.0 = Release|Any CPU
		{7623A3D2-A647-4108-BF94-7331D0056F43}.Debug|Any CPU.ActiveCfg = Debug|Any CPU
		{7623A3D2-A647-4108-BF94-7331D0056F43}.Debug|Any CPU.Build.0 = Debug|Any CPU
		{7623A3D2-A647-4108-BF94-7331D0056F43}.Release|Any CPU.ActiveCfg = Release|Any CPU
		{7623A3D2-A647-4108-BF94-7331D0056F43}.Release|Any CPU.Build.0 = Release|Any CPU
	EndGlobalSection
EndGlobal
